
Microsoft Visual Studio Solution File, Format Version 12.00
# Visual Studio Version 17
VisualStudioVersion = 17.1.32421.90
MinimumVisualStudioVersion = 10.0.40219.1
Project("{9A19103F-16F7-4668-BE54-9A1E7A4F7556}") = "RocketManagement.UI", "RocketManagement.UI\RocketManagement.UI.csproj", "{F3C89FC4-8AC9-4C44-844F-6ED9D57CACF0}"
EndProject
Project("{9A19103F-16F7-4668-BE54-9A1E7A4F7556}") = "RocketManagement.Application", "RocketManagement.Application\RocketManagement.Application.csproj", "{E9BE0F4A-4DE3-4EA3-A377-694C60CCC45D}"
EndProject
Project("{9A19103F-16F7-4668-BE54-9A1E7A4F7556}") = "RocketManagement.Infrastructure", "RocketManagement.Infrastructure\RocketManagement.Infrastructure.csproj", "{57921A3D-A600-48F7-9E27-BFC68FD80DE9}"
EndProject
Project("{E53339B2-1760-4266-BCC7-CA923CBCF16C}") = "docker-compose", "docker-compose.dcproj", "{EE0F9E5C-A21C-4E25-A43A-E57D78A509D8}"
EndProject
Global
	GlobalSection(SolutionConfigurationPlatforms) = preSolution
		Debug|Any CPU = Debug|Any CPU
		Release|Any CPU = Release|Any CPU
	EndGlobalSection
	GlobalSection(ProjectConfigurationPlatforms) = postSolution
		{F3C89FC4-8AC9-4C44-844F-6ED9D57CACF0}.Debug|Any CPU.ActiveCfg = Debug|Any CPU
		{F3C89FC4-8AC9-4C44-844F-6ED9D57CACF0}.Debug|Any CPU.Build.0 = Debug|Any CPU
		{F3C89FC4-8AC9-4C44-844F-6ED9D57CACF0}.Release|Any CPU.ActiveCfg = Release|Any CPU
		{F3C89FC4-8AC9-4C44-844F-6ED9D57CACF0}.Release|Any CPU.Build.0 = Release|Any CPU
		{E9BE0F4A-4DE3-4EA3-A377-694C60CCC45D}.Debug|Any CPU.ActiveCfg = Debug|Any CPU
		{E9BE0F4A-4DE3-4EA3-A377-694C60CCC45D}.Debug|Any CPU.Build.0 = Debug|Any CPU
		{E9BE0F4A-4DE3-4EA3-A377-694C60CCC45D}.Release|Any CPU.ActiveCfg = Release|Any CPU
		{E9BE0F4A-4DE3-4EA3-A377-694C60CCC45D}.Release|Any CPU.Build.0 = Release|Any CPU
		{57921A3D-A600-48F7-9E27-BFC68FD80DE9}.Debug|Any CPU.ActiveCfg = Debug|Any CPU
		{57921A3D-A600-48F7-9E27-BFC68FD80DE9}.Debug|Any CPU.Build.0 = Debug|Any CPU
		{57921A3D-A600-48F7-9E27-BFC68FD80DE9}.Release|Any CPU.ActiveCfg = Release|Any CPU
		{57921A3D-A600-48F7-9E27-BFC68FD80DE9}.Release|Any CPU.Build.0 = Release|Any CPU
		{EE0F9E5C-A21C-4E25-A43A-E57D78A509D8}.Debug|Any CPU.ActiveCfg = Debug|Any CPU
		{EE0F9E5C-A21C-4E25-A43A-E57D78A509D8}.Debug|Any CPU.Build.0 = Debug|Any CPU
		{EE0F9E5C-A21C-4E25-A43A-E57D78A509D8}.Release|Any CPU.ActiveCfg = Release|Any CPU
		{EE0F9E5C-A21C-4E25-A43A-E57D78A509D8}.Release|Any CPU.Build.0 = Release|Any CPU
	EndGlobalSection
	GlobalSection(SolutionProperties) = preSolution
		HideSolutionNode = FALSE
	EndGlobalSection
	GlobalSection(ExtensibilityGlobals) = postSolution
		SolutionGuid = {63CA8D34-1C69-43DD-A065-1B752432B264}
	EndGlobalSection
EndGlobal
